
Microsoft Visual Studio Solution File, Format Version 12.00
# Visual Studio Version 17
VisualStudioVersion = 17.7.34031.279
MinimumVisualStudioVersion = 10.0.40219.1
Project("{9A19103F-16F7-4668-BE54-9A1E7A4F7556}") = "ASPCMVC01", "ASPCMVC01\ASPCMVC01.csproj", "{3235CBB6-D528-42ED-80D9-4BDBBBE841BC}"
EndProject
Project("{9A19103F-16F7-4668-BE54-9A1E7A4F7556}") = "ASPCMVC02", "ASPCMVC02\ASPCMVC02.csproj", "{81AA57A6-E550-412B-A07D-E9D829EACFDB}"
EndProject
Project("{9A19103F-16F7-4668-BE54-9A1E7A4F7556}") = "ASPCMVC03", "ASPCMVC03\ASPCMVC03.csproj", "{C5C871E5-E998-4EE9-982A-A1A645C43D23}"
EndProject
Project("{FAE04EC0-301F-11D3-BF4B-00C04F79EFBC}") = "ASPCMVC04", "ASPCMVC04\ASPCMVC04.csproj", "{BB241969-5502-4079-9400-110FF7F2BABB}"
EndProject
Project("{FAE04EC0-301F-11D3-BF4B-00C04F79EFBC}") = "ASPCMVC05", "ASPCMVC05\ASPCMVC05.csproj", "{F519372F-FE42-4383-9F0B-B10736E96CED}"
EndProject
Global
	GlobalSection(SolutionConfigurationPlatforms) = preSolution
		Debug|Any CPU = Debug|Any CPU
		Release|Any CPU = Release|Any CPU
	EndGlobalSection
	GlobalSection(ProjectConfigurationPlatforms) = postSolution
		{3235CBB6-D528-42ED-80D9-4BDBBBE841BC}.Debug|Any CPU.ActiveCfg = Debug|Any CPU
		{3235CBB6-D528-42ED-80D9-4BDBBBE841BC}.Debug|Any CPU.Build.0 = Debug|Any CPU
		{3235CBB6-D528-42ED-80D9-4BDBBBE841BC}.Release|Any CPU.ActiveCfg = Release|Any CPU
		{3235CBB6-D528-42ED-80D9-4BDBBBE841BC}.Release|Any CPU.Build.0 = Release|Any CPU
		{81AA57A6-E550-412B-A07D-E9D829EACFDB}.Debug|Any CPU.ActiveCfg = Debug|Any CPU
		{81AA57A6-E550-412B-A07D-E9D829EACFDB}.Debug|Any CPU.Build.0 = Debug|Any CPU
		{81AA57A6-E550-412B-A07D-E9D829EACFDB}.Release|Any CPU.ActiveCfg = Release|Any CPU
		{81AA57A6-E550-412B-A07D-E9D829EACFDB}.Release|Any CPU.Build.0 = Release|Any CPU
		{C5C871E5-E998-4EE9-982A-A1A645C43D23}.Debug|Any CPU.ActiveCfg = Debug|Any CPU
		{C5C871E5-E998-4EE9-982A-A1A645C43D23}.Debug|Any CPU.Build.0 = Debug|Any CPU
		{C5C871E5-E998-4EE9-982A-A1A645C43D23}.Release|Any CPU.ActiveCfg = Release|Any CPU
		{C5C871E5-E998-4EE9-982A-A1A645C43D23}.Release|Any CPU.Build.0 = Release|Any CPU
		{BB241969-5502-4079-9400-110FF7F2BABB}.Debug|Any CPU.ActiveCfg = Debug|Any CPU
		{BB241969-5502-4079-9400-110FF7F2BABB}.Debug|Any CPU.Build.0 = Debug|Any CPU
		{BB241969-5502-4079-9400-110FF7F2BABB}.Release|Any CPU.ActiveCfg = Release|Any CPU
		{BB241969-5502-4079-9400-110FF7F2BABB}.Release|Any CPU.Build.0 = Release|Any CPU
		{F519372F-FE42-4383-9F0B-B10736E96CED}.Debug|Any CPU.ActiveCfg = Debug|Any CPU
		{F519372F-FE42-4383-9F0B-B10736E96CED}.Debug|Any CPU.Build.0 = Debug|Any CPU
		{F519372F-FE42-4383-9F0B-B10736E96CED}.Release|Any CPU.ActiveCfg = Release|Any CPU
		{F519372F-FE42-4383-9F0B-B10736E96CED}.Release|Any CPU.Build.0 = Release|Any CPU
	EndGlobalSection
	GlobalSection(SolutionProperties) = preSolution
		HideSolutionNode = FALSE
	EndGlobalSection
	GlobalSection(ExtensibilityGlobals) = postSolution
		SolutionGuid = {E774FAC2-59EF-4B1C-93CF-935BD383F4E7}
	EndGlobalSection
EndGlobal
